
Microsoft Visual Studio Solution File, Format Version 12.00
# Visual Studio 15
VisualStudioVersion = 15.0.28010.2026
MinimumVisualStudioVersion = 10.0.40219.1
Project("{9A19103F-16F7-4668-BE54-9A1E7A4F7556}") = "Infinity", "Infinity\Infinity.csproj", "{B31B3759-39F2-4E5B-9E46-00E5ACE25D26}"
EndProject
Global
	GlobalSection(SolutionConfigurationPlatforms) = preSolution
		Debug|Any CPU = Debug|Any CPU
		Release|Any CPU = Release|Any CPU
	EndGlobalSection
	GlobalSection(ProjectConfigurationPlatforms) = postSolution
		{B31B3759-39F2-4E5B-9E46-00E5ACE25D26}.Debug|Any CPU.ActiveCfg = Debug|Any CPU
		{B31B3759-39F2-4E5B-9E46-00E5ACE25D26}.Debug|Any CPU.Build.0 = Debug|Any CPU
		{B31B3759-39F2-4E5B-9E46-00E5ACE25D26}.Release|Any CPU.ActiveCfg = Release|Any CPU
		{B31B3759-39F2-4E5B-9E46-00E5ACE25D26}.Release|Any CPU.Build.0 = Release|Any CPU
	EndGlobalSection
	GlobalSection(SolutionProperties) = preSolution
		HideSolutionNode = FALSE
	EndGlobalSection
	GlobalSection(ExtensibilityGlobals) = postSolution
		SolutionGuid = {DF2B5BAB-30B0-4D17-A432-E444C96BEE3D}
	EndGlobalSection
EndGlobal
